
Microsoft Visual Studio Solution File, Format Version 12.00
# Visual Studio Version 16
VisualStudioVersion = 16.0.29025.244
MinimumVisualStudioVersion = 15.0.26124.0
Project("{9A19103F-16F7-4668-BE54-9A1E7A4F7556}") = "AgoraIO", "src\AgoraIO\AgoraIO.csproj", "{AAAFA1E2-06E9-4175-A483-BEF943325087}"
EndProject
Project("{FAE04EC0-301F-11D3-BF4B-00C04F79EFBC}") = "AgoraIO.Tests", "test\AgoraIO.Tests\AgoraIO.Tests.csproj", "{7465D5F8-A534-412A-ACBA-E918256C75F9}"
EndProject
Global
	GlobalSection(SolutionConfigurationPlatforms) = preSolution
		Debug|Any CPU = Debug|Any CPU
		Debug|x64 = Debug|x64
		Debug|x86 = Debug|x86
		Release|Any CPU = Release|Any CPU
		Release|x64 = Release|x64
		Release|x86 = Release|x86
	EndGlobalSection
	GlobalSection(ProjectConfigurationPlatforms) = postSolution
		{AAAFA1E2-06E9-4175-A483-BEF943325087}.Debug|Any CPU.ActiveCfg = Debug|Any CPU
		{AAAFA1E2-06E9-4175-A483-BEF943325087}.Debug|Any CPU.Build.0 = Debug|Any CPU
		{AAAFA1E2-06E9-4175-A483-BEF943325087}.Debug|x64.ActiveCfg = Debug|Any CPU
		{AAAFA1E2-06E9-4175-A483-BEF943325087}.Debug|x64.Build.0 = Debug|Any CPU
		{AAAFA1E2-06E9-4175-A483-BEF943325087}.Debug|x86.ActiveCfg = Debug|Any CPU
		{AAAFA1E2-06E9-4175-A483-BEF943325087}.Debug|x86.Build.0 = Debug|Any CPU
		{AAAFA1E2-06E9-4175-A483-BEF943325087}.Release|Any CPU.ActiveCfg = Release|Any CPU
		{AAAFA1E2-06E9-4175-A483-BEF943325087}.Release|Any CPU.Build.0 = Release|Any CPU
		{AAAFA1E2-06E9-4175-A483-BEF943325087}.Release|x64.ActiveCfg = Release|Any CPU
		{AAAFA1E2-06E9-4175-A483-BEF943325087}.Release|x64.Build.0 = Release|Any CPU
		{AAAFA1E2-06E9-4175-A483-BEF943325087}.Release|x86.ActiveCfg = Release|Any CPU
		{AAAFA1E2-06E9-4175-A483-BEF943325087}.Release|x86.Build.0 = Release|Any CPU
		{7465D5F8-A534-412A-ACBA-E918256C75F9}.Debug|Any CPU.ActiveCfg = Debug|Any CPU
		{7465D5F8-A534-412A-ACBA-E918256C75F9}.Debug|Any CPU.Build.0 = Debug|Any CPU
		{7465D5F8-A534-412A-ACBA-E918256C75F9}.Debug|x64.ActiveCfg = Debug|Any CPU
		{7465D5F8-A534-412A-ACBA-E918256C75F9}.Debug|x64.Build.0 = Debug|Any CPU
		{7465D5F8-A534-412A-ACBA-E918256C75F9}.Debug|x86.ActiveCfg = Debug|Any CPU
		{7465D5F8-A534-412A-ACBA-E918256C75F9}.Debug|x86.Build.0 = Debug|Any CPU
		{7465D5F8-A534-412A-ACBA-E918256C75F9}.Release|Any CPU.ActiveCfg = Release|Any CPU
		{7465D5F8-A534-412A-ACBA-E918256C75F9}.Release|Any CPU.Build.0 = Release|Any CPU
		{7465D5F8-A534-412A-ACBA-E918256C75F9}.Release|x64.ActiveCfg = Release|Any CPU
		{7465D5F8-A534-412A-ACBA-E918256C75F9}.Release|x64.Build.0 = Release|Any CPU
		{7465D5F8-A534-412A-ACBA-E918256C75F9}.Release|x86.ActiveCfg = Release|Any CPU
		{7465D5F8-A534-412A-ACBA-E918256C75F9}.Release|x86.Build.0 = Release|Any CPU
	EndGlobalSection
	GlobalSection(SolutionProperties) = preSolution
		HideSolutionNode = FALSE
	EndGlobalSection
	GlobalSection(ExtensibilityGlobals) = postSolution
		SolutionGuid = {632C536F-FE21-488C-9B53-482F62805327}
	EndGlobalSection
EndGlobal
