{
  "version": "3",
  "redirects": {
    "https://deno.land/std/testing/asserts.ts": "https://deno.land/std@0.224.0/testing/asserts.ts",
    "https://deno.land/x/crc32/mod.ts": "https://deno.land/x/crc32@v0.2.2/mod.ts"
  },
  "remote": {
    "https://deno.land/std@0.155.0/bytes/equals.ts": "3c3558c3ae85526f84510aa2b48ab2ad7bdd899e2e0f5b7a8ffc85acb3a6043a",
    "https://deno.land/std@0.155.0/bytes/mod.ts": "763f97d33051cc3f28af1a688dfe2830841192a9fea0cbaa55f927b49d49d0bf",
    "https://deno.land/std@0.155.0/encoding/base64.ts": "c57868ca7fa2fbe919f57f88a623ad34e3d970d675bdc1ff3a9d02bba7409db2",
    "https://deno.land/std@0.155.0/encoding/base64url.ts": "a5f82a9fa703bd85a5eb8e7c1296bc6529e601ebd9642cc2b5eaa6b38fa9e05a",
    "https://deno.land/std@0.155.0/node/_buffer.mjs": "4e3e6b0f0613300340705a99a1998c655ba22bf08644c49df21f4aaa44e951d0",
    "https://deno.land/std@0.155.0/node/buffer.ts": "0e4e409bc03754e99c3e9fbdd10ff50834fd5d6e8654f70efeff054afde58821",
    "https://deno.land/std@0.155.0/node/internal/buffer.mjs": "6662fe7fe517329453545be34cea27a24f8ccd6d09afd4f609f11ade2b6dfca7",
    "https://deno.land/std@0.155.0/node/internal/crypto/_keys.ts": "7f993ece8c8e94a292944518cf4173521c6bf01785e75be014cd45a9cc2e4ad5",
    "https://deno.land/std@0.155.0/node/internal/crypto/constants.ts": "d2c8821977aef55e4d66414d623c24a2447791a8b49b6404b8db32d81e20c315",
    "https://deno.land/std@0.155.0/node/internal/error_codes.ts": "ac03c4eae33de3a69d6c98e8678003207eecf75a6900eb847e3fea3c8c9e6d8f",
    "https://deno.land/std@0.155.0/node/internal/hide_stack_frames.ts": "a91962ec84610bc7ec86022c4593cdf688156a5910c07b5bcd71994225c13a03",
    "https://deno.land/std@0.155.0/node/internal/normalize_encoding.mjs": "3779ec8a7adf5d963b0224f9b85d1bc974a2ec2db0e858396b5d3c2c92138a0a",
    "https://deno.land/std@0.155.0/node/internal/util.mjs": "67d3d82dda1815e8da5fbe91084b6e511cdba72a8512e7cd8f2a679e075b14b1",
    "https://deno.land/std@0.155.0/node/internal/util/types.ts": "de6e2b7f9b9985ab881b1e78f05ae51d1fc829ae1584063df21e57b35312f3c4",
    "https://deno.land/std@0.155.0/node/internal/validators.mjs": "67deae0f488d013c8bf485742a5478112b8e48837cb2458c4a8b2669cf7017db",
    "https://deno.land/std@0.155.0/node/internal_binding/_node.ts": "e4075ba8a37aef4eb5b592c8e3807c39cb49ca8653faf8e01a43421938076c1b",
    "https://deno.land/std@0.155.0/node/internal_binding/_utils.ts": "1c50883b5751a9ea1b38951e62ed63bacfdc9d69ea665292edfa28e1b1c5bd94",
    "https://deno.land/std@0.155.0/node/internal_binding/buffer.ts": "781e1d13adc924864e6e37ecb5152e8a4e994cf394695136e451c47f00bda76c",
    "https://deno.land/std@0.155.0/node/internal_binding/string_decoder.ts": "5cb1863763d1e9b458bc21d6f976f16d9c18b3b3f57eaf0ade120aee38fba227",
    "https://deno.land/std@0.155.0/node/internal_binding/types.ts": "4c26fb74ba2e45de553c15014c916df6789529a93171e450d5afb016b4c765e7",
    "https://deno.land/std@0.156.0/encoding/hex.ts": "4cc5324417cbb4ac9b828453d35aed45b9cc29506fad658f1f138d981ae33795",
    "https://deno.land/std@0.156.0/hash/md5.ts": "5df247e8d9e0abeb555ed8ff39d39c0c3240f52847bfb72e363ad582a102527c",
    "https://deno.land/std@0.224.0/assert/_constants.ts": "a271e8ef5a573f1df8e822a6eb9d09df064ad66a4390f21b3e31f820a38e0975",
    "https://deno.land/std@0.224.0/assert/assert.ts": "09d30564c09de846855b7b071e62b5974b001bb72a4b797958fe0660e7849834",
    "https://deno.land/std@0.224.0/assert/assert_almost_equals.ts": "9e416114322012c9a21fa68e187637ce2d7df25bcbdbfd957cd639e65d3cf293",
    "https://deno.land/std@0.224.0/assert/assert_array_includes.ts": "14c5094471bc8e4a7895fc6aa5a184300d8a1879606574cb1cd715ef36a4a3c7",
    "https://deno.land/std@0.224.0/assert/assert_equals.ts": "3bbca947d85b9d374a108687b1a8ba3785a7850436b5a8930d81f34a32cb8c74",
    "https://deno.land/std@0.224.0/assert/assert_exists.ts": "43420cf7f956748ae6ed1230646567b3593cb7a36c5a5327269279c870c5ddfd",
    "https://deno.land/std@0.224.0/assert/assert_false.ts": "3e9be8e33275db00d952e9acb0cd29481a44fa0a4af6d37239ff58d79e8edeff",
    "https://deno.land/std@0.224.0/assert/assert_greater.ts": "5e57b201fd51b64ced36c828e3dfd773412c1a6120c1a5a99066c9b261974e46",
    "https://deno.land/std@0.224.0/assert/assert_greater_or_equal.ts": "9870030f997a08361b6f63400273c2fb1856f5db86c0c3852aab2a002e425c5b",
    "https://deno.land/std@0.224.0/assert/assert_instance_of.ts": "e22343c1fdcacfaea8f37784ad782683ec1cf599ae9b1b618954e9c22f376f2c",
    "https://deno.land/std@0.224.0/assert/assert_is_error.ts": "f856b3bc978a7aa6a601f3fec6603491ab6255118afa6baa84b04426dd3cc491",
    "https://deno.land/std@0.224.0/assert/assert_less.ts": "60b61e13a1982865a72726a5fa86c24fad7eb27c3c08b13883fb68882b307f68",
    "https://deno.land/std@0.224.0/assert/assert_less_or_equal.ts": "d2c84e17faba4afe085e6c9123a63395accf4f9e00150db899c46e67420e0ec3",
    "https://deno.land/std@0.224.0/assert/assert_match.ts": "ace1710dd3b2811c391946954234b5da910c5665aed817943d086d4d4871a8b7",
    "https://deno.land/std@0.224.0/assert/assert_not_equals.ts": "78d45dd46133d76ce624b2c6c09392f6110f0df9b73f911d20208a68dee2ef29",
    "https://deno.land/std@0.224.0/assert/assert_not_instance_of.ts": "3434a669b4d20cdcc5359779301a0588f941ffdc2ad68803c31eabdb4890cf7a",
    "https://deno.land/std@0.224.0/assert/assert_not_match.ts": "df30417240aa2d35b1ea44df7e541991348a063d9ee823430e0b58079a72242a",
    "https://deno.land/std@0.224.0/assert/assert_not_strict_equals.ts": "37f73880bd672709373d6dc2c5f148691119bed161f3020fff3548a0496f71b8",
    "https://deno.land/std@0.224.0/assert/assert_object_match.ts": "411450fd194fdaabc0089ae68f916b545a49d7b7e6d0026e84a54c9e7eed2693",
    "https://deno.land/std@0.224.0/assert/assert_rejects.ts": "4bee1d6d565a5b623146a14668da8f9eb1f026a4f338bbf92b37e43e0aa53c31",
    "https://deno.land/std@0.224.0/assert/assert_strict_equals.ts": "b4f45f0fd2e54d9029171876bd0b42dd9ed0efd8f853ab92a3f50127acfa54f5",
    "https://deno.land/std@0.224.0/assert/assert_string_includes.ts": "496b9ecad84deab72c8718735373feb6cdaa071eb91a98206f6f3cb4285e71b8",
    "https://deno.land/std@0.224.0/assert/assert_throws.ts": "c6508b2879d465898dab2798009299867e67c570d7d34c90a2d235e4553906eb",
    "https://deno.land/std@0.224.0/assert/assertion_error.ts": "ba8752bd27ebc51f723702fac2f54d3e94447598f54264a6653d6413738a8917",
    "https://deno.land/std@0.224.0/assert/equal.ts": "bddf07bb5fc718e10bb72d5dc2c36c1ce5a8bdd3b647069b6319e07af181ac47",
    "https://deno.land/std@0.224.0/assert/fail.ts": "0eba674ffb47dff083f02ced76d5130460bff1a9a68c6514ebe0cdea4abadb68",
    "https://deno.land/std@0.224.0/assert/mod.ts": "48b8cb8a619ea0b7958ad7ee9376500fe902284bb36f0e32c598c3dc34cbd6f3",
    "https://deno.land/std@0.224.0/assert/unimplemented.ts": "8c55a5793e9147b4f1ef68cd66496b7d5ba7a9e7ca30c6da070c1a58da723d73",
    "https://deno.land/std@0.224.0/assert/unreachable.ts": "5ae3dbf63ef988615b93eb08d395dda771c96546565f9e521ed86f6510c29e19",
    "https://deno.land/std@0.224.0/fmt/colors.ts": "508563c0659dd7198ba4bbf87e97f654af3c34eb56ba790260f252ad8012e1c5",
    "https://deno.land/std@0.224.0/internal/diff.ts": "6234a4b493ebe65dc67a18a0eb97ef683626a1166a1906232ce186ae9f65f4e6",
    "https://deno.land/std@0.224.0/internal/format.ts": "0a98ee226fd3d43450245b1844b47003419d34d210fa989900861c79820d21c2",
    "https://deno.land/std@0.224.0/internal/mod.ts": "534125398c8e7426183e12dc255bb635d94e06d0f93c60a297723abe69d3b22e",
    "https://deno.land/std@0.224.0/testing/asserts.ts": "d0cdbabadc49cc4247a50732ee0df1403fdcd0f95360294ad448ae8c240f3f5c",
    "https://deno.land/std@0.62.0/_util/assert.ts": "e1f76e77c5ccb5a8e0dbbbe6cce3a56d2556c8cb5a9a8802fc9565af72462149",
    "https://deno.land/std@0.62.0/archive/tar.ts": "8bb9fb4cdf52d27726a55ae0ce8611662b03e1657a8bf72beb1655205ac33eb9",
    "https://deno.land/std@0.62.0/bytes/mod.ts": "b1a149ac741728db00bda9ce1a2d044f248edd5ac95e708a6cc501bfd3adb4a7",
    "https://deno.land/std@0.62.0/encoding/utf8.ts": "8654fa820aa69a37ec5eb11908e20b39d056c9bf1c23ab294303ff467f3d50a1",
    "https://deno.land/std@0.62.0/fs/_util.ts": "68508c05d5a02678179a02beabf2b3eac5b16c5a9cbd1c272686d8101bb2679d",
    "https://deno.land/std@0.62.0/fs/ensure_dir.ts": "54cf0cfb16160857116d1bdff98214ad0189275fe2f089607fdc06c52ac79cc4",
    "https://deno.land/std@0.62.0/fs/ensure_file.ts": "b70eccaee6f41ae226d399ad9c8ebc29beb5dd86fe179d30ab7e681976352baf",
    "https://deno.land/std@0.62.0/io/bufio.ts": "e76c5b7bf978a638aae6f62b87efde3ab7203b85902ce9b84ac8388c8c2bb104",
    "https://deno.land/std@0.62.0/io/readers.ts": "4c2e98abf2a2a1d5e2adaf460479a1c69f742951c1bc141b26654d2f5248b663",
    "https://deno.land/std@0.62.0/node/_util/_util_callbackify.ts": "50f980fafc0b12172ba53b26036835f55dd3296b46556a227f8616b0682179e0",
    "https://deno.land/std@0.62.0/node/_util/_util_promisify.ts": "35f7b8a4123d3a44b1aa349ada9b671fb096cb1144520482767ed72a8799708f",
    "https://deno.land/std@0.62.0/node/_util/_util_types.ts": "217a4c1055289f25d1dc9097638aeeb7662136d34e6f49df5f27038872dc8d6f",
    "https://deno.land/std@0.62.0/node/_utils.ts": "786b4f364609c8066dda897a9557d00c2a3a48e884ad734549c2ced692509d97",
    "https://deno.land/std@0.62.0/node/events.ts": "b9291714b6a51d2de17206f28943314672cc31ec3bc937b6045e8e731f3a8881",
    "https://deno.land/std@0.62.0/node/util.ts": "2399b5b640683221cdab13ac94e0c16d62f74d5ba80ef2313aed731a9b0ab1d4",
    "https://deno.land/std@0.62.0/path/_constants.ts": "e11f32a36644e04dce243f3c1f30c02cc5d149827f48a755628176f0707cfc70",
    "https://deno.land/std@0.62.0/path/_globrex.ts": "cfd1af99fb5ed2eff9b49aef994cdf7a14a5d26cd32b14c60b27bfff49839c82",
    "https://deno.land/std@0.62.0/path/_interface.ts": "5876f91d35fd42624893a4aaddaee352144e1f46e719f1dde6511bab7c3c1029",
    "https://deno.land/std@0.62.0/path/_util.ts": "f0fa012d40ae9b6acbef03908e534eb11e694de6470fb4d78ea4f38829e735ab",
    "https://deno.land/std@0.62.0/path/common.ts": "e4ec66a7416d56f60331b66e27a8a4f08c7b1cf48e350271cb69754a01cf5c04",
    "https://deno.land/std@0.62.0/path/glob.ts": "dbcda011329b5ba0f955823e578af19a8bf8d01586a07925b42affe885544e62",
    "https://deno.land/std@0.62.0/path/mod.ts": "6de8885c2534757097818e302becd1cefcbc4c28ac022cc279e612ee04e8cfd1",
    "https://deno.land/std@0.62.0/path/posix.ts": "018dd955e0a6b6fffed55acd34ea2f4fb734aec3c9feb842e50b144c1bdb0851",
    "https://deno.land/std@0.62.0/path/separator.ts": "9dd15d46ff84a16e13554f56af7fee1f85f8d0f379efbbe60ac066a60561f036",
    "https://deno.land/std@0.62.0/path/win32.ts": "90261b763121538e8133ee7f2995987d4871debfe029456c5c7000207f45317c",
    "https://deno.land/x/base64@v0.2.1/base.ts": "47dc8d68f07dc91524bdd6db36eccbe59cf4d935b5fc09f27357a3944bb3ff7b",
    "https://deno.land/x/base64@v0.2.1/base64url.ts": "18bbf879b31f1f32cca8adaa2b6885ae325c2cec6a66c5817b684ca12c46ad5e",
    "https://deno.land/x/base64@v0.2.1/mod.ts": "1cbdc4ba7229d3c6d1763fecdb9d46844777c7e153abb6dabea8b0dd01448db4",
    "https://deno.land/x/compress@v0.3.3/deps.ts": "dc069b1e1246320e9d468191ef7beef1181e9ee473627d2cb69814e4faad8041",
    "https://deno.land/x/compress@v0.3.3/gzip/gzip.ts": "e0132fb8af25fd4256125cc701dd4f4a590f93d6604d42ab1dfc4679efb5d950",
    "https://deno.land/x/compress@v0.3.3/gzip/gzip_file.ts": "4d23399c1b17a6e65ce2e7dcb3fad0bc81b9920d010bd50b53c468de226c818c",
    "https://deno.land/x/compress@v0.3.3/gzip/gzip_stream.ts": "9d4291c5ef3b7abce05b16450f7a0bcdd1c7d12ecd113417578d90e02eebb760",
    "https://deno.land/x/compress@v0.3.3/gzip/mod.ts": "42a51f43eedbdc8522dec16c6ef58671f06b1ba270b86a14780af8a0bc017366",
    "https://deno.land/x/compress@v0.3.3/gzip/writer_gunzip.ts": "0e08971118dc7f22f67312f0700c8a854bec747c28c183e4c1cf5d6d7c5ef19d",
    "https://deno.land/x/compress@v0.3.3/gzip/writer_gzip.ts": "151d731e84dccdcaee2fde7b668a8ae0dc8f300f36b14a60202747113abeb151",
    "https://deno.land/x/compress@v0.3.3/interface.ts": "169067c1fc3c6ac677afbffd2df59418a4927d851252fac67b881ada4dd6a1ba",
    "https://deno.land/x/compress@v0.3.3/mod.ts": "19be50e35e5bf50bfbf7895ae953aa30314fdd10bff2f919a7417cca5ded55a6",
    "https://deno.land/x/compress@v0.3.3/tar/mod.ts": "25f90688c3fbd9729cfffa563bb36f8d6593d3953fec3e1621b8bfd8798d7f1b",
    "https://deno.land/x/compress@v0.3.3/tgz/mod.ts": "9a6e0cc0fe25f62f8e708a328542da8dd69abb6e6c8abb01b5511bb1272d69dc",
    "https://deno.land/x/compress@v0.3.3/utils/uint8.ts": "7d15b88caaab8ac22330ce9660a78a778435d0ae7d52e3ab3762ef64d17ed66d",
    "https://deno.land/x/compress@v0.3.3/zlib/deflate.ts": "0b961469e76f67adbfb52ca72ae110de123710647885816de69b7c1a697c681c",
    "https://deno.land/x/compress@v0.3.3/zlib/inflate.ts": "450ff50e1d7d9716f3afcf0468d391775f87a17824ec203e02fc706404cb641f",
    "https://deno.land/x/compress@v0.3.3/zlib/mod.ts": "4dca9c1e934b7ab27f31c318abd7bfd39b09be96fd76ba27bd46f3a4e73b4ad0",
    "https://deno.land/x/compress@v0.3.3/zlib/zlib/adler32.ts": "e34c7596d63a655755c4b0a44a40d4f9c1d1c4d3b891e5c1f3f840f8939e1940",
    "https://deno.land/x/compress@v0.3.3/zlib/zlib/crc32.ts": "b9bc4adaf327d32585205d1176bd52f6453c06dd1040544611d4c869e638119c",
    "https://deno.land/x/compress@v0.3.3/zlib/zlib/deflate.ts": "cbc9001f1b92f3476c8da60da65a4c0e80ee2408d7a89bfd74dc39510616110b",
    "https://deno.land/x/compress@v0.3.3/zlib/zlib/gzheader.ts": "11e6da7383447aae9791308dc2350a809fa341a876a2da396b03a2a31408c20c",
    "https://deno.land/x/compress@v0.3.3/zlib/zlib/inffast.ts": "282daf5ea16bb876d26e342f3c24fe1a8ec84640e713a970b02232955a853f86",
    "https://deno.land/x/compress@v0.3.3/zlib/zlib/inflate.ts": "eb4c082c1b261718be7bd877573b1b1bede026cf7ba1f038a2af6a5f4889a254",
    "https://deno.land/x/compress@v0.3.3/zlib/zlib/inftrees.ts": "8a6d765a5c42bf3b6990060cabbe52e88493f8ce6d082e6e35d97756914cfb8e",
    "https://deno.land/x/compress@v0.3.3/zlib/zlib/messages.ts": "c82229bd67ccc3b6162f3aca1c5e7f936e546aa91ac9a9ac4fcfefc3a9dc5ac8",
    "https://deno.land/x/compress@v0.3.3/zlib/zlib/status.ts": "5987864d2d43d59bbbfa2e6ef4d5a07284c1d10489cc5843ddf41ac547957ac3",
    "https://deno.land/x/compress@v0.3.3/zlib/zlib/trees.ts": "6575455707d62cd430f3fd1634cdb10ab6ac00212df11b6a7b31f1acc4ed0675",
    "https://deno.land/x/compress@v0.3.3/zlib/zlib/zstream.ts": "c110fd5919235e317d64933852e24a1bba0126202be592e90e58f7b19315ad93",
    "https://deno.land/x/crc32@v0.2.0/mod.ts": "de7a3fa2d4ef24b96fc21e1cc4d2d65d1d2b1dcea92f63960e3e11bfa82df0fa",
    "https://deno.land/x/crc32@v0.2.2/mod.ts": "253e0943464b6ffca5194fb9b3b87fdbd0ee3c2b071fb6021cdec654bc33e486",
    "https://deno.land/x/hmac@v2.0.1/deps.ts": "c2cb0fb44389a76b253cc27a1cadfbe9f03ede2ddea0d940b5389d683940217c",
    "https://deno.land/x/hmac@v2.0.1/mod.ts": "83590b95de468d0cf5398b7631b4fb62a64226786247fe265482045d799e8f97",
    "https://denopkg.com/chiefbiiko/sha1@v2.0.0/deps.ts": "434b70f37ed145ca5259353c96fdee1e7d1cd8c6a32baad9dce2aedc79d0a3bc",
    "https://denopkg.com/chiefbiiko/sha1@v2.0.0/mod.ts": "146a101c9776cc9c807053c93f23e4b321ade5251f65745df418f4a75d5fd27b",
    "https://denopkg.com/chiefbiiko/sha256@v2.0.0/deps.ts": "434b70f37ed145ca5259353c96fdee1e7d1cd8c6a32baad9dce2aedc79d0a3bc",
    "https://denopkg.com/chiefbiiko/sha256@v2.0.0/mod.ts": "f109aa5eeb201a0cbfaf44950b70a429838b187e8a84c5b810c1ac84953427cc",
    "https://denopkg.com/chiefbiiko/sha512@v2.0.0/deps.ts": "434b70f37ed145ca5259353c96fdee1e7d1cd8c6a32baad9dce2aedc79d0a3bc",
    "https://denopkg.com/chiefbiiko/sha512@v2.0.0/mod.ts": "33190babd4c0e748bb2568fd003444487c8798c8c3a618f6593098c12805fe15",
    "https://denopkg.com/chiefbiiko/std-encoding@v1.1.1/mod.ts": "e61017da4cef146863d614a961b4e61f1df14b72c906092bd02161f913e76522"
  }
}
